
Microsoft Visual Studio Solution File, Format Version 12.00
# Visual Studio Version 16
VisualStudioVersion = 16.0.29020.237
MinimumVisualStudioVersion = 10.0.40219.1
Project("{9A19103F-16F7-4668-BE54-9A1E7A4F7556}") = "BIMPlatform.Domain", "src\BIMPlatform.Domain\BIMPlatform.Domain.csproj", "{554AD327-6DBA-4F8F-96F8-81CE7A0C863F}"
EndProject
Project("{9A19103F-16F7-4668-BE54-9A1E7A4F7556}") = "BIMPlatform.Application", "src\BIMPlatform.Application\BIMPlatform.Application.csproj", "{1A94A50E-06DC-43C1-80B5-B662820EC3EB}"
EndProject
Project("{9A19103F-16F7-4668-BE54-9A1E7A4F7556}") = "BIMPlatform.EntityFrameworkCore", "src\BIMPlatform.EntityFrameworkCore\BIMPlatform.EntityFrameworkCore.csproj", "{C956DD76-69C8-4A9C-83EA-D17DF83340FD}"
EndProject
Project("{2150E333-8FDC-42A3-9474-1A3956D46DE8}") = "src", "src", "{CA9AC87F-097E-4F15-8393-4BC07735A5B0}"
EndProject
Project("{9A19103F-16F7-4668-BE54-9A1E7A4F7556}") = "BIMPlatform.EntityFrameworkCore.DbMigrations", "src\BIMPlatform.EntityFrameworkCore.DbMigrations\BIMPlatform.EntityFrameworkCore.DbMigrations.csproj", "{0372FA84-C517-4EB3-9A9F-B9ACAC0CA5E0}"
EndProject
Project("{9A19103F-16F7-4668-BE54-9A1E7A4F7556}") = "BIMPlatform.HttpApi", "src\BIMPlatform.HttpApi\BIMPlatform.HttpApi.csproj", "{4164BDF7-F527-4E85-9CE6-E3C2D7426A27}"
EndProject
Project("{9A19103F-16F7-4668-BE54-9A1E7A4F7556}") = "BIMPlatform.HttpApi.Host", "src\BIMPlatform.HttpApi.Host\BIMPlatform.HttpApi.Host.csproj", "{748584B1-BA69-4F6A-81AA-F4BDE6BCE29D}"
EndProject
Project("{9A19103F-16F7-4668-BE54-9A1E7A4F7556}") = "BIMPlatform.Swagger", "src\BIMPlatform.Swagger\BIMPlatform.Swagger.csproj", "{E6895B28-E4E2-436C-B79F-67BF2B69667D}"
EndProject
Project("{9A19103F-16F7-4668-BE54-9A1E7A4F7556}") = "BIMPlatform.ToolKits", "src\BIMPlatform.ToolKits\BIMPlatform.ToolKits.csproj", "{38B44A0C-156D-431F-9173-A823B4CFEA38}"
EndProject
Project("{9A19103F-16F7-4668-BE54-9A1E7A4F7556}") = "BIMPlatform.BackgroundJobs", "src\BIMPlatform.BackgroundJobs\BIMPlatform.BackgroundJobs.csproj", "{F161572E-E174-4E4C-9F47-3ECE0B7B771E}"
EndProject
Project("{9A19103F-16F7-4668-BE54-9A1E7A4F7556}") = "BIMPlatform.DbMigrator", "src\BIMPlatform.DbMigrator\BIMPlatform.DbMigrator.csproj", "{5B1AF5B3-E384-4E56-9974-7AFF10036499}"
EndProject
Project("{9A19103F-16F7-4668-BE54-9A1E7A4F7556}") = "BIMPlatform.Application.Contracts", "src\BIMPlatform.Application.Contracts\BIMPlatform.Application.Contracts.csproj", "{847D3B7F-8F32-4728-A142-FE6B26C1538D}"
EndProject
Project("{9A19103F-16F7-4668-BE54-9A1E7A4F7556}") = "BIMPlatform.Domain.Shared", "src\BIMPlatform.Domain.Shared\BIMPlatform.Domain.Shared.csproj", "{60CEC37C-A2AB-49EC-8F2F-620C4C7788C3}"
EndProject
Global
	GlobalSection(SolutionConfigurationPlatforms) = preSolution
		Debug|Any CPU = Debug|Any CPU
		Release|Any CPU = Release|Any CPU
	EndGlobalSection
	GlobalSection(ProjectConfigurationPlatforms) = postSolution
		{554AD327-6DBA-4F8F-96F8-81CE7A0C863F}.Debug|Any CPU.ActiveCfg = Debug|Any CPU
		{554AD327-6DBA-4F8F-96F8-81CE7A0C863F}.Debug|Any CPU.Build.0 = Debug|Any CPU
		{554AD327-6DBA-4F8F-96F8-81CE7A0C863F}.Release|Any CPU.ActiveCfg = Release|Any CPU
		{554AD327-6DBA-4F8F-96F8-81CE7A0C863F}.Release|Any CPU.Build.0 = Release|Any CPU
		{1A94A50E-06DC-43C1-80B5-B662820EC3EB}.Debug|Any CPU.ActiveCfg = Debug|Any CPU
		{1A94A50E-06DC-43C1-80B5-B662820EC3EB}.Debug|Any CPU.Build.0 = Debug|Any CPU
		{1A94A50E-06DC-43C1-80B5-B662820EC3EB}.Release|Any CPU.ActiveCfg = Release|Any CPU
		{1A94A50E-06DC-43C1-80B5-B662820EC3EB}.Release|Any CPU.Build.0 = Release|Any CPU
		{C956DD76-69C8-4A9C-83EA-D17DF83340FD}.Debug|Any CPU.ActiveCfg = Debug|Any CPU
		{C956DD76-69C8-4A9C-83EA-D17DF83340FD}.Debug|Any CPU.Build.0 = Debug|Any CPU
		{C956DD76-69C8-4A9C-83EA-D17DF83340FD}.Release|Any CPU.ActiveCfg = Release|Any CPU
		{C956DD76-69C8-4A9C-83EA-D17DF83340FD}.Release|Any CPU.Build.0 = Release|Any CPU
		{0372FA84-C517-4EB3-9A9F-B9ACAC0CA5E0}.Debug|Any CPU.ActiveCfg = Debug|Any CPU
		{0372FA84-C517-4EB3-9A9F-B9ACAC0CA5E0}.Debug|Any CPU.Build.0 = Debug|Any CPU
		{0372FA84-C517-4EB3-9A9F-B9ACAC0CA5E0}.Release|Any CPU.ActiveCfg = Release|Any CPU
		{0372FA84-C517-4EB3-9A9F-B9ACAC0CA5E0}.Release|Any CPU.Build.0 = Release|Any CPU
		{4164BDF7-F527-4E85-9CE6-E3C2D7426A27}.Debug|Any CPU.ActiveCfg = Debug|Any CPU
		{4164BDF7-F527-4E85-9CE6-E3C2D7426A27}.Debug|Any CPU.Build.0 = Debug|Any CPU
		{4164BDF7-F527-4E85-9CE6-E3C2D7426A27}.Release|Any CPU.ActiveCfg = Release|Any CPU
		{4164BDF7-F527-4E85-9CE6-E3C2D7426A27}.Release|Any CPU.Build.0 = Release|Any CPU
		{748584B1-BA69-4F6A-81AA-F4BDE6BCE29D}.Debug|Any CPU.ActiveCfg = Debug|Any CPU
		{748584B1-BA69-4F6A-81AA-F4BDE6BCE29D}.Debug|Any CPU.Build.0 = Debug|Any CPU
		{748584B1-BA69-4F6A-81AA-F4BDE6BCE29D}.Release|Any CPU.ActiveCfg = Release|Any CPU
		{748584B1-BA69-4F6A-81AA-F4BDE6BCE29D}.Release|Any CPU.Build.0 = Release|Any CPU
		{E6895B28-E4E2-436C-B79F-67BF2B69667D}.Debug|Any CPU.ActiveCfg = Debug|Any CPU
		{E6895B28-E4E2-436C-B79F-67BF2B69667D}.Debug|Any CPU.Build.0 = Debug|Any CPU
		{E6895B28-E4E2-436C-B79F-67BF2B69667D}.Release|Any CPU.ActiveCfg = Release|Any CPU
		{E6895B28-E4E2-436C-B79F-67BF2B69667D}.Release|Any CPU.Build.0 = Release|Any CPU
		{38B44A0C-156D-431F-9173-A823B4CFEA38}.Debug|Any CPU.ActiveCfg = Debug|Any CPU
		{38B44A0C-156D-431F-9173-A823B4CFEA38}.Debug|Any CPU.Build.0 = Debug|Any CPU
		{38B44A0C-156D-431F-9173-A823B4CFEA38}.Release|Any CPU.ActiveCfg = Release|Any CPU
		{38B44A0C-156D-431F-9173-A823B4CFEA38}.Release|Any CPU.Build.0 = Release|Any CPU
		{F161572E-E174-4E4C-9F47-3ECE0B7B771E}.Debug|Any CPU.ActiveCfg = Debug|Any CPU
		{F161572E-E174-4E4C-9F47-3ECE0B7B771E}.Debug|Any CPU.Build.0 = Debug|Any CPU
		{F161572E-E174-4E4C-9F47-3ECE0B7B771E}.Release|Any CPU.ActiveCfg = Release|Any CPU
		{F161572E-E174-4E4C-9F47-3ECE0B7B771E}.Release|Any CPU.Build.0 = Release|Any CPU
		{5B1AF5B3-E384-4E56-9974-7AFF10036499}.Debug|Any CPU.ActiveCfg = Debug|Any CPU
		{5B1AF5B3-E384-4E56-9974-7AFF10036499}.Debug|Any CPU.Build.0 = Debug|Any CPU
		{5B1AF5B3-E384-4E56-9974-7AFF10036499}.Release|Any CPU.ActiveCfg = Release|Any CPU
		{5B1AF5B3-E384-4E56-9974-7AFF10036499}.Release|Any CPU.Build.0 = Release|Any CPU
		{847D3B7F-8F32-4728-A142-FE6B26C1538D}.Debug|Any CPU.ActiveCfg = Debug|Any CPU
		{847D3B7F-8F32-4728-A142-FE6B26C1538D}.Debug|Any CPU.Build.0 = Debug|Any CPU
		{847D3B7F-8F32-4728-A142-FE6B26C1538D}.Release|Any CPU.ActiveCfg = Release|Any CPU
		{847D3B7F-8F32-4728-A142-FE6B26C1538D}.Release|Any CPU.Build.0 = Release|Any CPU
		{60CEC37C-A2AB-49EC-8F2F-620C4C7788C3}.Debug|Any CPU.ActiveCfg = Debug|Any CPU
		{60CEC37C-A2AB-49EC-8F2F-620C4C7788C3}.Debug|Any CPU.Build.0 = Debug|Any CPU
		{60CEC37C-A2AB-49EC-8F2F-620C4C7788C3}.Release|Any CPU.ActiveCfg = Release|Any CPU
		{60CEC37C-A2AB-49EC-8F2F-620C4C7788C3}.Release|Any CPU.Build.0 = Release|Any CPU
	EndGlobalSection
	GlobalSection(SolutionProperties) = preSolution
		HideSolutionNode = FALSE
	EndGlobalSection
	GlobalSection(NestedProjects) = preSolution
		{554AD327-6DBA-4F8F-96F8-81CE7A0C863F} = {CA9AC87F-097E-4F15-8393-4BC07735A5B0}
		{1A94A50E-06DC-43C1-80B5-B662820EC3EB} = {CA9AC87F-097E-4F15-8393-4BC07735A5B0}
		{C956DD76-69C8-4A9C-83EA-D17DF83340FD} = {CA9AC87F-097E-4F15-8393-4BC07735A5B0}
		{0372FA84-C517-4EB3-9A9F-B9ACAC0CA5E0} = {CA9AC87F-097E-4F15-8393-4BC07735A5B0}
		{4164BDF7-F527-4E85-9CE6-E3C2D7426A27} = {CA9AC87F-097E-4F15-8393-4BC07735A5B0}
		{748584B1-BA69-4F6A-81AA-F4BDE6BCE29D} = {CA9AC87F-097E-4F15-8393-4BC07735A5B0}
		{E6895B28-E4E2-436C-B79F-67BF2B69667D} = {CA9AC87F-097E-4F15-8393-4BC07735A5B0}
		{38B44A0C-156D-431F-9173-A823B4CFEA38} = {CA9AC87F-097E-4F15-8393-4BC07735A5B0}
		{F161572E-E174-4E4C-9F47-3ECE0B7B771E} = {CA9AC87F-097E-4F15-8393-4BC07735A5B0}
		{5B1AF5B3-E384-4E56-9974-7AFF10036499} = {CA9AC87F-097E-4F15-8393-4BC07735A5B0}
		{847D3B7F-8F32-4728-A142-FE6B26C1538D} = {CA9AC87F-097E-4F15-8393-4BC07735A5B0}
		{60CEC37C-A2AB-49EC-8F2F-620C4C7788C3} = {CA9AC87F-097E-4F15-8393-4BC07735A5B0}
	EndGlobalSection
	GlobalSection(ExtensibilityGlobals) = postSolution
		SolutionGuid = {28315BFD-90E7-4E14-A2EA-F3D23AF4126F}
	EndGlobalSection
EndGlobal
